
Microsoft Visual Studio Solution File, Format Version 12.00
# Visual Studio Version 17
VisualStudioVersion = 17.6.33723.286
MinimumVisualStudioVersion = 10.0.40219.1
Project("{FAE04EC0-301F-11D3-BF4B-00C04F79EFBC}") = "DevChallenge", "DevChallenge\DevChallenge.csproj", "{BF728668-E3BB-43C5-BCAE-C858FDCA1F56}"
EndProject
Project("{FAE04EC0-301F-11D3-BF4B-00C04F79EFBC}") = "WebAPI", "WebAPI\WebAPI.csproj", "{86E0AFD7-0614-4F96-A1A3-CC231F58D759}"
EndProject
Project("{FAE04EC0-301F-11D3-BF4B-00C04F79EFBC}") = "DataLayer", "DataLayer\DataLayer.csproj", "{8E277B4A-0533-438C-A85B-6677394FE066}"
EndProject
Global
	GlobalSection(SolutionConfigurationPlatforms) = preSolution
		Debug|Any CPU = Debug|Any CPU
		Release|Any CPU = Release|Any CPU
	EndGlobalSection
	GlobalSection(ProjectConfigurationPlatforms) = postSolution
		{BF728668-E3BB-43C5-BCAE-C858FDCA1F56}.Debug|Any CPU.ActiveCfg = Debug|Any CPU
		{BF728668-E3BB-43C5-BCAE-C858FDCA1F56}.Debug|Any CPU.Build.0 = Debug|Any CPU
		{BF728668-E3BB-43C5-BCAE-C858FDCA1F56}.Release|Any CPU.ActiveCfg = Release|Any CPU
		{BF728668-E3BB-43C5-BCAE-C858FDCA1F56}.Release|Any CPU.Build.0 = Release|Any CPU
		{86E0AFD7-0614-4F96-A1A3-CC231F58D759}.Debug|Any CPU.ActiveCfg = Debug|Any CPU
		{86E0AFD7-0614-4F96-A1A3-CC231F58D759}.Debug|Any CPU.Build.0 = Debug|Any CPU
		{86E0AFD7-0614-4F96-A1A3-CC231F58D759}.Release|Any CPU.ActiveCfg = Release|Any CPU
		{86E0AFD7-0614-4F96-A1A3-CC231F58D759}.Release|Any CPU.Build.0 = Release|Any CPU
		{8E277B4A-0533-438C-A85B-6677394FE066}.Debug|Any CPU.ActiveCfg = Debug|Any CPU
		{8E277B4A-0533-438C-A85B-6677394FE066}.Debug|Any CPU.Build.0 = Debug|Any CPU
		{8E277B4A-0533-438C-A85B-6677394FE066}.Release|Any CPU.ActiveCfg = Release|Any CPU
		{8E277B4A-0533-438C-A85B-6677394FE066}.Release|Any CPU.Build.0 = Release|Any CPU
	EndGlobalSection
	GlobalSection(SolutionProperties) = preSolution
		HideSolutionNode = FALSE
	EndGlobalSection
	GlobalSection(ExtensibilityGlobals) = postSolution
		SolutionGuid = {700F190C-1A11-4B55-8207-F1831904DEAD}
	EndGlobalSection
EndGlobal
